
Microsoft Visual Studio Solution File, Format Version 12.00
# Visual Studio 15
VisualStudioVersion = 15.0.27130.2036
MinimumVisualStudioVersion = 10.0.40219.1
Project("{9A19103F-16F7-4668-BE54-9A1E7A4F7556}") = "Cocos", "Cocos\Cocos.csproj", "{061BD8A1-43F9-4D92-AFD3-0D4B4889CDB6}"
EndProject
Project("{9A19103F-16F7-4668-BE54-9A1E7A4F7556}") = "Cocos.ConsoleTests", "Cocos.ConsoleTests\Cocos.ConsoleTests.csproj", "{EEC7AC4D-54CF-4334-B546-6D1C377E8EE7}"
EndProject
Project("{2150E333-8FDC-42A3-9474-1A3956D46DE8}") = "Docs", "Docs", "{F98238AE-AF79-45ED-B3A2-70ECD21AF67C}"
	ProjectSection(SolutionItems) = preProject
		Working Stack.txt = Working Stack.txt
	EndProjectSection
EndProject
Global
	GlobalSection(SolutionConfigurationPlatforms) = preSolution
		Debug|Any CPU = Debug|Any CPU
		Release|Any CPU = Release|Any CPU
	EndGlobalSection
	GlobalSection(ProjectConfigurationPlatforms) = postSolution
		{061BD8A1-43F9-4D92-AFD3-0D4B4889CDB6}.Debug|Any CPU.ActiveCfg = Debug|Any CPU
		{061BD8A1-43F9-4D92-AFD3-0D4B4889CDB6}.Debug|Any CPU.Build.0 = Debug|Any CPU
		{061BD8A1-43F9-4D92-AFD3-0D4B4889CDB6}.Release|Any CPU.ActiveCfg = Release|Any CPU
		{061BD8A1-43F9-4D92-AFD3-0D4B4889CDB6}.Release|Any CPU.Build.0 = Release|Any CPU
		{EEC7AC4D-54CF-4334-B546-6D1C377E8EE7}.Debug|Any CPU.ActiveCfg = Debug|Any CPU
		{EEC7AC4D-54CF-4334-B546-6D1C377E8EE7}.Debug|Any CPU.Build.0 = Debug|Any CPU
		{EEC7AC4D-54CF-4334-B546-6D1C377E8EE7}.Release|Any CPU.ActiveCfg = Release|Any CPU
		{EEC7AC4D-54CF-4334-B546-6D1C377E8EE7}.Release|Any CPU.Build.0 = Release|Any CPU
	EndGlobalSection
	GlobalSection(SolutionProperties) = preSolution
		HideSolutionNode = FALSE
	EndGlobalSection
	GlobalSection(ExtensibilityGlobals) = postSolution
		SolutionGuid = {048FB1C0-F552-4F42-BEF0-4972C9AF6AAF}
	EndGlobalSection
EndGlobal
