
Microsoft Visual Studio Solution File, Format Version 12.00
# Visual Studio 15
VisualStudioVersion = 15.0.27130.2036
MinimumVisualStudioVersion = 10.0.40219.1
Project("{2150E333-8FDC-42A3-9474-1A3956D46DE8}") = "Docs", "Docs", "{F98238AE-AF79-45ED-B3A2-70ECD21AF67C}"
	ProjectSection(SolutionItems) = preProject
		Working Stack.txt = Working Stack.txt
	EndProjectSection
EndProject
Project("{9A19103F-16F7-4668-BE54-9A1E7A4F7556}") = "GK", "GK\GK.csproj", "{F3A79D39-0ED8-4145-A9A0-EFF8693F04DD}"
EndProject
Project("{9A19103F-16F7-4668-BE54-9A1E7A4F7556}") = "GK.Cocos", "GK.Cocos\GK.Cocos.csproj", "{CD467E3B-2F05-4137-8AB7-07C62D812C42}"
EndProject
Project("{9A19103F-16F7-4668-BE54-9A1E7A4F7556}") = "GK.Cocos.ConsoleTests", "GK.Cocos.ConsoleTests\GK.Cocos.ConsoleTests.csproj", "{BDD8830B-3DB3-4C16-8E4F-85259E08ABC9}"
EndProject
Project("{FAE04EC0-301F-11D3-BF4B-00C04F79EFBC}") = "GK.Cocos.Net", "GK.Cocos.Net\GK.Cocos.Net.csproj", "{F5083385-BC31-4B29-8A71-78D07ACCAAB9}"
EndProject
Global
	GlobalSection(SolutionConfigurationPlatforms) = preSolution
		Debug|Any CPU = Debug|Any CPU
		Release|Any CPU = Release|Any CPU
	EndGlobalSection
	GlobalSection(ProjectConfigurationPlatforms) = postSolution
		{F3A79D39-0ED8-4145-A9A0-EFF8693F04DD}.Debug|Any CPU.ActiveCfg = Debug|Any CPU
		{F3A79D39-0ED8-4145-A9A0-EFF8693F04DD}.Debug|Any CPU.Build.0 = Debug|Any CPU
		{F3A79D39-0ED8-4145-A9A0-EFF8693F04DD}.Release|Any CPU.ActiveCfg = Release|Any CPU
		{F3A79D39-0ED8-4145-A9A0-EFF8693F04DD}.Release|Any CPU.Build.0 = Release|Any CPU
		{CD467E3B-2F05-4137-8AB7-07C62D812C42}.Debug|Any CPU.ActiveCfg = Debug|Any CPU
		{CD467E3B-2F05-4137-8AB7-07C62D812C42}.Debug|Any CPU.Build.0 = Debug|Any CPU
		{CD467E3B-2F05-4137-8AB7-07C62D812C42}.Release|Any CPU.ActiveCfg = Release|Any CPU
		{CD467E3B-2F05-4137-8AB7-07C62D812C42}.Release|Any CPU.Build.0 = Release|Any CPU
		{BDD8830B-3DB3-4C16-8E4F-85259E08ABC9}.Debug|Any CPU.ActiveCfg = Debug|Any CPU
		{BDD8830B-3DB3-4C16-8E4F-85259E08ABC9}.Debug|Any CPU.Build.0 = Debug|Any CPU
		{BDD8830B-3DB3-4C16-8E4F-85259E08ABC9}.Release|Any CPU.ActiveCfg = Release|Any CPU
		{BDD8830B-3DB3-4C16-8E4F-85259E08ABC9}.Release|Any CPU.Build.0 = Release|Any CPU
		{F5083385-BC31-4B29-8A71-78D07ACCAAB9}.Debug|Any CPU.ActiveCfg = Debug|Any CPU
		{F5083385-BC31-4B29-8A71-78D07ACCAAB9}.Debug|Any CPU.Build.0 = Debug|Any CPU
		{F5083385-BC31-4B29-8A71-78D07ACCAAB9}.Release|Any CPU.ActiveCfg = Release|Any CPU
		{F5083385-BC31-4B29-8A71-78D07ACCAAB9}.Release|Any CPU.Build.0 = Release|Any CPU
	EndGlobalSection
	GlobalSection(SolutionProperties) = preSolution
		HideSolutionNode = FALSE
	EndGlobalSection
	GlobalSection(ExtensibilityGlobals) = postSolution
		SolutionGuid = {048FB1C0-F552-4F42-BEF0-4972C9AF6AAF}
	EndGlobalSection
EndGlobal
