
Microsoft Visual Studio Solution File, Format Version 12.00
# Visual Studio 15
VisualStudioVersion = 15.0.27130.2036
MinimumVisualStudioVersion = 10.0.40219.1
Project("{FAE04EC0-301F-11D3-BF4B-00C04F79EFBC}") = "Cocos", "Cocos\Cocos.csproj", "{061BD8A1-43F9-4D92-AFD3-0D4B4889CDB6}"
EndProject
Project("{FAE04EC0-301F-11D3-BF4B-00C04F79EFBC}") = "Cocos.ConsoleTests", "Cocos.ConsoleTests\Cocos.ConsoleTests.csproj", "{EEC7AC4D-54CF-4334-B546-6D1C377E8EE7}"
EndProject
Global
	GlobalSection(SolutionConfigurationPlatforms) = preSolution
		Debug|Any CPU = Debug|Any CPU
		Release|Any CPU = Release|Any CPU
	EndGlobalSection
	GlobalSection(ProjectConfigurationPlatforms) = postSolution
		{061BD8A1-43F9-4D92-AFD3-0D4B4889CDB6}.Debug|Any CPU.ActiveCfg = Debug|Any CPU
		{061BD8A1-43F9-4D92-AFD3-0D4B4889CDB6}.Debug|Any CPU.Build.0 = Debug|Any CPU
		{061BD8A1-43F9-4D92-AFD3-0D4B4889CDB6}.Release|Any CPU.ActiveCfg = Release|Any CPU
		{061BD8A1-43F9-4D92-AFD3-0D4B4889CDB6}.Release|Any CPU.Build.0 = Release|Any CPU
		{EEC7AC4D-54CF-4334-B546-6D1C377E8EE7}.Debug|Any CPU.ActiveCfg = Debug|Any CPU
		{EEC7AC4D-54CF-4334-B546-6D1C377E8EE7}.Debug|Any CPU.Build.0 = Debug|Any CPU
		{EEC7AC4D-54CF-4334-B546-6D1C377E8EE7}.Release|Any CPU.ActiveCfg = Release|Any CPU
		{EEC7AC4D-54CF-4334-B546-6D1C377E8EE7}.Release|Any CPU.Build.0 = Release|Any CPU
	EndGlobalSection
	GlobalSection(SolutionProperties) = preSolution
		HideSolutionNode = FALSE
	EndGlobalSection
	GlobalSection(ExtensibilityGlobals) = postSolution
		SolutionGuid = {048FB1C0-F552-4F42-BEF0-4972C9AF6AAF}
	EndGlobalSection
EndGlobal
